
Microsoft Visual Studio Solution File, Format Version 12.00
# Visual Studio Version 16
VisualStudioVersion = 16.0.30907.101
MinimumVisualStudioVersion = 10.0.40219.1
Project("{FAE04EC0-301F-11D3-BF4B-00C04F79EFBC}") = "spel21an", "spel21an\spel21an.csproj", "{BFC75C63-BD1D-4243-A377-F1C1608677CA}"
EndProject
Global
	GlobalSection(SolutionConfigurationPlatforms) = preSolution
		Debug|Any CPU = Debug|Any CPU
		Release|Any CPU = Release|Any CPU
	EndGlobalSection
	GlobalSection(ProjectConfigurationPlatforms) = postSolution
		{BFC75C63-BD1D-4243-A377-F1C1608677CA}.Debug|Any CPU.ActiveCfg = Debug|Any CPU
		{BFC75C63-BD1D-4243-A377-F1C1608677CA}.Debug|Any CPU.Build.0 = Debug|Any CPU
		{BFC75C63-BD1D-4243-A377-F1C1608677CA}.Release|Any CPU.ActiveCfg = Release|Any CPU
		{BFC75C63-BD1D-4243-A377-F1C1608677CA}.Release|Any CPU.Build.0 = Release|Any CPU
	EndGlobalSection
	GlobalSection(SolutionProperties) = preSolution
		HideSolutionNode = FALSE
	EndGlobalSection
	GlobalSection(ExtensibilityGlobals) = postSolution
		SolutionGuid = {2F718016-530B-40E9-A764-72920DB0DB46}
	EndGlobalSection
EndGlobal
